{
  "name": "add-to-web3",
  "version": "2.0.0",
  "lockfileVersion": 2,
  "requires": true,
  "packages": {
    "": {
      "name": "add-to-web3",
     "version": "2.0.0",
      "license": "MIT",
      "dependencies": {
        "@actions/core": "^1.6.0",
        "files-from-path": "^0.2.2",
        "web3.storage": "^4.2.0"
      },
